// !$*UTF8*$!
{
	archiveVersion = 1;
	classes = {
	};
	objectVersion = 77;
	objects = {

/* Begin PBXBuildFile section */
		414D99DC619F89A71CDA36BB /* Pods_GhibliSimpleAPIInfoDemoUITests.framework in Frameworks */ = {isa = PBXBuildFile; fileRef = 5843C3B90D664141780FBEEB /* Pods_GhibliSimpleAPIInfoDemoUITests.framework */; };
		730B902E18DD246E4E7ABF60 /* Pods_GhibliSimpleAPIInfoDemoTests.framework in Frameworks */ = {isa = PBXBuildFile; fileRef = EA4310FA99497D57AA746EEF /* Pods_GhibliSimpleAPIInfoDemoTests.framework */; };
		CBD31F57C5ABBFF39F26A715 /* Pods_GhibliSimpleAPIInfoDemo.framework in Frameworks */ = {isa = PBXBuildFile; fileRef = E761755D5E9A1C42DB11B8FC /* Pods_GhibliSimpleAPIInfoDemo.framework */; };
/* End PBXBuildFile section */

/* Begin PBXContainerItemProxy section */
		F14C350E2F14C63500D335E2 /* PBXContainerItemProxy */ = {
			isa = PBXContainerItemProxy;
			containerPortal = F14C34EC2F14C63300D335E2 /* Project object */;
			proxyType = 1;
			remoteGlobalIDString = F14C34F32F14C63300D335E2;
			remoteInfo = GhibliSimpleAPIInfoDemo;
		};
		F14C35182F14C63500D335E2 /* PBXContainerItemProxy */ = {
			isa = PBXContainerItemProxy;
			containerPortal = F14C34EC2F14C63300D335E2 /* Project object */;
			proxyType = 1;
			remoteGlobalIDString = F14C34F32F14C63300D335E2;
			remoteInfo = GhibliSimpleAPIInfoDemo;
		};
/* End PBXContainerItemProxy section */

/* Begin PBXFileReference section */
		00A11CE48BA017D7A9DF30BD /* Pods-GhibliSimpleAPIInfoDemo.release.xcconfig */ = {isa = PBXFileReference; includeInIndex = 1; lastKnownFileType = text.xcconfig; name = "Pods-GhibliSimpleAPIInfoDemo.release.xcconfig"; path = "Target Support Files/Pods-GhibliSimpleAPIInfoDemo/Pods-GhibliSimpleAPIInfoDemo.release.xcconfig"; sourceTree = "<group>"; };
		0F4CF1D0ED38D68E3F9DE628 /* Pods-GhibliSimpleAPIInfoDemo.debug.xcconfig */ = {isa = PBXFileReference; includeInIndex = 1; lastKnownFileType = text.xcconfig; name = "Pods-GhibliSimpleAPIInfoDemo.debug.xcconfig"; path = "Target Support Files/Pods-GhibliSimpleAPIInfoDemo/Pods-GhibliSimpleAPIInfoDemo.debug.xcconfig"; sourceTree = "<group>"; };
		5843C3B90D664141780FBEEB /* Pods_GhibliSimpleAPIInfoDemoUITests.framework */ = {isa = PBXFileReference; explicitFileType = wrapper.framework; includeInIndex = 0; path = Pods_GhibliSimpleAPIInfoDemoUITests.framework; sourceTree = BUILT_PRODUCTS_DIR; };
		756695BCC80D088E494C9D48 /* Pods-GhibliSimpleAPIInfoDemoUITests.release.xcconfig */ = {isa = PBXFileReference; includeInIndex = 1; lastKnownFileType = text.xcconfig; name = "Pods-GhibliSimpleAPIInfoDemoUITests.release.xcconfig"; path = "Target Support Files/Pods-GhibliSimpleAPIInfoDemoUITests/Pods-GhibliSimpleAPIInfoDemoUITests.release.xcconfig"; sourceTree = "<group>"; };
		CC10DFCC3932E0DDEC005D72 /* Pods-GhibliSimpleAPIInfoDemo-GhibliSimpleAPIInfoDemoUITests.debug.xcconfig */ = {isa = PBXFileReference; includeInIndex = 1; lastKnownFileType = text.xcconfig; name = "Pods-GhibliSimpleAPIInfoDemo-GhibliSimpleAPIInfoDemoUITests.debug.xcconfig"; path = "Target Support Files/Pods-GhibliSimpleAPIInfoDemo-GhibliSimpleAPIInfoDemoUITests/Pods-GhibliSimpleAPIInfoDemo-GhibliSimpleAPIInfoDemoUITests.debug.xcconfig"; sourceTree = "<group>"; };
		D2352CCE4A7D5DD6876A5B1D /* Pods-GhibliSimpleAPIInfoDemoTests.debug.xcconfig */ = {isa = PBXFileReference; includeInIndex = 1; lastKnownFileType = text.xcconfig; name = "Pods-GhibliSimpleAPIInfoDemoTests.debug.xcconfig"; path = "Target Support Files/Pods-GhibliSimpleAPIInfoDemoTests/Pods-GhibliSimpleAPIInfoDemoTests.debug.xcconfig"; sourceTree = "<group>"; };
		DC7513E8AD93FE575306A786 /* Pods-GhibliSimpleAPIInfoDemoTests.release.xcconfig */ = {isa = PBXFileReference; includeInIndex = 1; lastKnownFileType = text.xcconfig; name = "Pods-GhibliSimpleAPIInfoDemoTests.release.xcconfig"; path = "Target Support Files/Pods-GhibliSimpleAPIInfoDemoTests/Pods-GhibliSimpleAPIInfoDemoTests.release.xcconfig"; sourceTree = "<group>"; };
		E761755D5E9A1C42DB11B8FC /* Pods_GhibliSimpleAPIInfoDemo.framework */ = {isa = PBXFileReference; explicitFileType = wrapper.framework; includeInIndex = 0; path = Pods_GhibliSimpleAPIInfoDemo.framework; sourceTree = BUILT_PRODUCTS_DIR; };
		EA4310FA99497D57AA746EEF /* Pods_GhibliSimpleAPIInfoDemoTests.framework */ = {isa = PBXFileReference; explicitFileType = wrapper.framework; includeInIndex = 0; path = Pods_GhibliSimpleAPIInfoDemoTests.framework; sourceTree = BUILT_PRODUCTS_DIR; };
		EF242C6AC1A70E15779A837F /* Pods-GhibliSimpleAPIInfoDemoUITests.debug.xcconfig */ = {isa = PBXFileReference; includeInIndex = 1; lastKnownFileType = text.xcconfig; name = "Pods-GhibliSimpleAPIInfoDemoUITests.debug.xcconfig"; path = "Target Support Files/Pods-GhibliSimpleAPIInfoDemoUITests/Pods-GhibliSimpleAPIInfoDemoUITests.debug.xcconfig"; sourceTree = "<group>"; };
		F14C34F42F14C63300D335E2 /* GhibliSimpleAPIInfoDemo.app */ = {isa = PBXFileReference; explicitFileType = wrapper.application; includeInIndex = 0; path = GhibliSimpleAPIInfoDemo.app; sourceTree = BUILT_PRODUCTS_DIR; };
		F14C350D2F14C63500D335E2 /* GhibliSimpleAPIInfoDemoTests.xctest */ = {isa = PBXFileReference; explicitFileType = wrapper.cfbundle; includeInIndex = 0; path = GhibliSimpleAPIInfoDemoTests.xctest; sourceTree = BUILT_PRODUCTS_DIR; };
		F14C35172F14C63500D335E2 /* GhibliSimpleAPIInfoDemoUITests.xctest */ = {isa = PBXFileReference; explicitFileType = wrapper.cfbundle; includeInIndex = 0; path = GhibliSimpleAPIInfoDemoUITests.xctest; sourceTree = BUILT_PRODUCTS_DIR; };
		FB9CFD1B47946DC0E31C4B17 /* Pods-GhibliSimpleAPIInfoDemo-GhibliSimpleAPIInfoDemoUITests.release.xcconfig */ = {isa = PBXFileReference; includeInIndex = 1; lastKnownFileType = text.xcconfig; name = "Pods-GhibliSimpleAPIInfoDemo-GhibliSimpleAPIInfoDemoUITests.release.xcconfig"; path = "Target Support Files/Pods-GhibliSimpleAPIInfoDemo-GhibliSimpleAPIInfoDemoUITests/Pods-GhibliSimpleAPIInfoDemo-GhibliSimpleAPIInfoDemoUITests.release.xcconfig"; sourceTree = "<group>"; };
/* End PBXFileReference section */

/* Begin PBXFileSystemSynchronizedBuildFileExceptionSet section */
		F14C351F2F14C63500D335E2 /* Exceptions for "GhibliSimpleAPIInfoDemo" folder in "GhibliSimpleAPIInfoDemo" target */ = {
			isa = PBXFileSystemSynchronizedBuildFileExceptionSet;
			membershipExceptions = (
				Info.plist,
			);
			target = F14C34F32F14C63300D335E2 /* GhibliSimpleAPIInfoDemo */;
		};
/* End PBXFileSystemSynchronizedBuildFileExceptionSet section */

/* Begin PBXFileSystemSynchronizedRootGroup section */
		F14C34F62F14C63300D335E2 /* GhibliSimpleAPIInfoDemo */ = {
			isa = PBXFileSystemSynchronizedRootGroup;
			exceptions = (
				F14C351F2F14C63500D335E2 /* Exceptions for "GhibliSimpleAPIInfoDemo" folder in "GhibliSimpleAPIInfoDemo" target */,
			);
			path = GhibliSimpleAPIInfoDemo;
			sourceTree = "<group>";
		};
		F14C35102F14C63500D335E2 /* GhibliSimpleAPIInfoDemoTests */ = {
			isa = PBXFileSystemSynchronizedRootGroup;
			path = GhibliSimpleAPIInfoDemoTests;
			sourceTree = "<group>";
		};
		F14C351A2F14C63500D335E2 /* GhibliSimpleAPIInfoDemoUITests */ = {
			isa = PBXFileSystemSynchronizedRootGroup;
			path = GhibliSimpleAPIInfoDemoUITests;
			sourceTree = "<group>";
		};
/* End PBXFileSystemSynchronizedRootGroup section */

/* Begin PBXFrameworksBuildPhase section */
		F14C34F12F14C63300D335E2 /* Frameworks */ = {
			isa = PBXFrameworksBuildPhase;
			buildActionMask = 2147483647;
			files = (
				CBD31F57C5ABBFF39F26A715 /* Pods_GhibliSimpleAPIInfoDemo.framework in Frameworks */,
			);
			runOnlyForDeploymentPostprocessing = 0;
		};
		F14C350A2F14C63500D335E2 /* Frameworks */ = {
			isa = PBXFrameworksBuildPhase;
			buildActionMask = 2147483647;
			files = (
				730B902E18DD246E4E7ABF60 /* Pods_GhibliSimpleAPIInfoDemoTests.framework in Frameworks */,
			);
			runOnlyForDeploymentPostprocessing = 0;
		};
		F14C35142F14C63500D335E2 /* Frameworks */ = {
			isa = PBXFrameworksBuildPhase;
			buildActionMask = 2147483647;
			files = (
				414D99DC619F89A71CDA36BB /* Pods_GhibliSimpleAPIInfoDemoUITests.framework in Frameworks */,
			);
			runOnlyForDeploymentPostprocessing = 0;
		};
/* End PBXFrameworksBuildPhase section */

/* Begin PBXGroup section */
		1BCF75ADE1B2D5A9659D2B85 /* Frameworks */ = {
			isa = PBXGroup;
			children = (
				E761755D5E9A1C42DB11B8FC /* Pods_GhibliSimpleAPIInfoDemo.framework */,
				EA4310FA99497D57AA746EEF /* Pods_GhibliSimpleAPIInfoDemoTests.framework */,
				5843C3B90D664141780FBEEB /* Pods_GhibliSimpleAPIInfoDemoUITests.framework */,
			);
			name = Frameworks;
			sourceTree = "<group>";
		};
		3D616021F151A2373AF8DFCF /* Pods */ = {
			isa = PBXGroup;
			children = (
				0F4CF1D0ED38D68E3F9DE628 /* Pods-GhibliSimpleAPIInfoDemo.debug.xcconfig */,
				00A11CE48BA017D7A9DF30BD /* Pods-GhibliSimpleAPIInfoDemo.release.xcconfig */,
				CC10DFCC3932E0DDEC005D72 /* Pods-GhibliSimpleAPIInfoDemo-GhibliSimpleAPIInfoDemoUITests.debug.xcconfig */,
				FB9CFD1B47946DC0E31C4B17 /* Pods-GhibliSimpleAPIInfoDemo-GhibliSimpleAPIInfoDemoUITests.release.xcconfig */,
				D2352CCE4A7D5DD6876A5B1D /* Pods-GhibliSimpleAPIInfoDemoTests.debug.xcconfig */,
				DC7513E8AD93FE575306A786 /* Pods-GhibliSimpleAPIInfoDemoTests.release.xcconfig */,
				EF242C6AC1A70E15779A837F /* Pods-GhibliSimpleAPIInfoDemoUITests.debug.xcconfig */,
				756695BCC80D088E494C9D48 /* Pods-GhibliSimpleAPIInfoDemoUITests.release.xcconfig */,
			);
			path = Pods;
			sourceTree = "<group>";
		};
		F14C34EB2F14C63300D335E2 = {
			isa = PBXGroup;
			children = (
				F14C34F62F14C63300D335E2 /* GhibliSimpleAPIInfoDemo */,
				F14C35102F14C63500D335E2 /* GhibliSimpleAPIInfoDemoTests */,
				F14C351A2F14C63500D335E2 /* GhibliSimpleAPIInfoDemoUITests */,
				F14C34F52F14C63300D335E2 /* Products */,
				3D616021F151A2373AF8DFCF /* Pods */,
				1BCF75ADE1B2D5A9659D2B85 /* Frameworks */,
			);
			sourceTree = "<group>";
		};
		F14C34F52F14C63300D335E2 /* Products */ = {
			isa = PBXGroup;
			children = (
				F14C34F42F14C63300D335E2 /* GhibliSimpleAPIInfoDemo.app */,
				F14C350D2F14C63500D335E2 /* GhibliSimpleAPIInfoDemoTests.xctest */,
				F14C35172F14C63500D335E2 /* GhibliSimpleAPIInfoDemoUITests.xctest */,
			);
			name = Products;
			sourceTree = "<group>";
		};
/* End PBXGroup section */

/* Begin PBXNativeTarget section */
		F14C34F32F14C63300D335E2 /* GhibliSimpleAPIInfoDemo */ = {
			isa = PBXNativeTarget;
			buildConfigurationList = F14C35202F14C63500D335E2 /* Build configuration list for PBXNativeTarget "GhibliSimpleAPIInfoDemo" */;
			buildPhases = (
				A4BD36927742F5A069700C71 /* [CP] Check Pods Manifest.lock */,
				F14C34F02F14C63300D335E2 /* Sources */,
				F14C34F12F14C63300D335E2 /* Frameworks */,
				F14C34F22F14C63300D335E2 /* Resources */,
				DE9FDF5DFC68E97EC217422C /* [CP] Embed Pods Frameworks */,
			);
			buildRules = (
			);
			dependencies = (
			);
			fileSystemSynchronizedGroups = (
				F14C34F62F14C63300D335E2 /* GhibliSimpleAPIInfoDemo */,
			);
			name = GhibliSimpleAPIInfoDemo;
			productName = GhibliSimpleAPIInfoDemo;
			productReference = F14C34F42F14C63300D335E2 /* GhibliSimpleAPIInfoDemo.app */;
			productType = "com.apple.product-type.application";
		};
		F14C350C2F14C63500D335E2 /* GhibliSimpleAPIInfoDemoTests */ = {
			isa = PBXNativeTarget;
			buildConfigurationList = F14C35252F14C63500D335E2 /* Build configuration list for PBXNativeTarget "GhibliSimpleAPIInfoDemoTests" */;
			buildPhases = (
				0E0BAE2A784EB2420967C1B1 /* [CP] Check Pods Manifest.lock */,
				F14C35092F14C63500D335E2 /* Sources */,
				F14C350A2F14C63500D335E2 /* Frameworks */,
				F14C350B2F14C63500D335E2 /* Resources */,
			);
			buildRules = (
			);
			dependencies = (
				F14C350F2F14C63500D335E2 /* PBXTargetDependency */,
			);
			fileSystemSynchronizedGroups = (
				F14C35102F14C63500D335E2 /* GhibliSimpleAPIInfoDemoTests */,
			);
			name = GhibliSimpleAPIInfoDemoTests;
			productName = GhibliSimpleAPIInfoDemoTests;
			productReference = F14C350D2F14C63500D335E2 /* GhibliSimpleAPIInfoDemoTests.xctest */;
			productType = "com.apple.product-type.bundle.unit-test";
		};
		F14C35162F14C63500D335E2 /* GhibliSimpleAPIInfoDemoUITests */ = {
			isa = PBXNativeTarget;
			buildConfigurationList = F14C35282F14C63500D335E2 /* Build configuration list for PBXNativeTarget "GhibliSimpleAPIInfoDemoUITests" */;
			buildPhases = (
				533FE7389677395D1A0E7969 /* [CP] Check Pods Manifest.lock */,
				F14C35132F14C63500D335E2 /* Sources */,
				F14C35142F14C63500D335E2 /* Frameworks */,
				F14C35152F14C63500D335E2 /* Resources */,
			);
			buildRules = (
			);
			dependencies = (
				F14C35192F14C63500D335E2 /* PBXTargetDependency */,
			);
			fileSystemSynchronizedGroups = (
				F14C351A2F14C63500D335E2 /* GhibliSimpleAPIInfoDemoUITests */,
			);
			name = GhibliSimpleAPIInfoDemoUITests;
			productName = GhibliSimpleAPIInfoDemoUITests;
			productReference = F14C35172F14C63500D335E2 /* GhibliSimpleAPIInfoDemoUITests.xctest */;
			productType = "com.apple.product-type.bundle.ui-testing";
		};
/* End PBXNativeTarget section */

/* Begin PBXProject section */
		F14C34EC2F14C63300D335E2 /* Project object */ = {
			isa = PBXProject;
			attributes = {
				BuildIndependentTargetsInParallel = 1;
				LastSwiftUpdateCheck = 1630;
				LastUpgradeCheck = 1630;
				TargetAttributes = {
					F14C34F32F14C63300D335E2 = {
						CreatedOnToolsVersion = 16.3;
					};
					F14C350C2F14C63500D335E2 = {
						CreatedOnToolsVersion = 16.3;
						TestTargetID = F14C34F32F14C63300D335E2;
					};
					F14C35162F14C63500D335E2 = {
						CreatedOnToolsVersion = 16.3;
						TestTargetID = F14C34F32F14C63300D335E2;
					};
				};
			};
			buildConfigurationList = F14C34EF2F14C63300D335E2 /* Build configuration list for PBXProject "GhibliSimpleAPIInfoDemo" */;
			developmentRegion = en;
			hasScannedForEncodings = 0;
			knownRegions = (
				en,
				Base,
			);
			mainGroup = F14C34EB2F14C63300D335E2;
			minimizedProjectReferenceProxies = 1;
			preferredProjectObjectVersion = 77;
			productRefGroup = F14C34F52F14C63300D335E2 /* Products */;
			projectDirPath = "";
			projectRoot = "";
			targets = (
				F14C34F32F14C63300D335E2 /* GhibliSimpleAPIInfoDemo */,
				F14C350C2F14C63500D335E2 /* GhibliSimpleAPIInfoDemoTests */,
				F14C35162F14C63500D335E2 /* GhibliSimpleAPIInfoDemoUITests */,
			);
		};
/* End PBXProject section */

/* Begin PBXResourcesBuildPhase section */
		F14C34F22F14C63300D335E2 /* Resources */ = {
			isa = PBXResourcesBuildPhase;
			buildActionMask = 2147483647;
			files = (
			);
			runOnlyForDeploymentPostprocessing = 0;
		};
		F14C350B2F14C63500D335E2 /* Resources */ = {
			isa = PBXResourcesBuildPhase;
			buildActionMask = 2147483647;
			files = (
			);
			runOnlyForDeploymentPostprocessing = 0;
		};
		F14C35152F14C63500D335E2 /* Resources */ = {
			isa = PBXResourcesBuildPhase;
			buildActionMask = 2147483647;
			files = (
			);
			runOnlyForDeploymentPostprocessing = 0;
		};
/* End PBXResourcesBuildPhase section */

/* Begin PBXShellScriptBuildPhase section */
		0E0BAE2A784EB2420967C1B1 /* [CP] Check Pods Manifest.lock */ = {
			isa = PBXShellScriptBuildPhase;
			buildActionMask = 2147483647;
			files = (
			);
			inputFileListPaths = (
			);
			inputPaths = (
				"${PODS_PODFILE_DIR_PATH}/Podfile.lock",
				"${PODS_ROOT}/Manifest.lock",
			);
			name = "[CP] Check Pods Manifest.lock";
			outputFileListPaths = (
			);
			outputPaths = (
				"$(DERIVED_FILE_DIR)/Pods-GhibliSimpleAPIInfoDemoTests-checkManifestLockResult.txt",
			);
			runOnlyForDeploymentPostprocessing = 0;
			shellPath = /bin/sh;
			shellScript = "diff \"${PODS_PODFILE_DIR_PATH}/Podfile.lock\" \"${PODS_ROOT}/Manifest.lock\" > /dev/null\nif [ $? != 0 ] ; then\n    # print error to STDERR\n    echo \"error: The sandbox is not in sync with the Podfile.lock. Run 'pod install' or update your CocoaPods installation.\" >&2\n    exit 1\nfi\n# This output is used by Xcode 'outputs' to avoid re-running this script phase.\necho \"SUCCESS\" > \"${SCRIPT_OUTPUT_FILE_0}\"\n";
			showEnvVarsInLog = 0;
		};
		533FE7389677395D1A0E7969 /* [CP] Check Pods Manifest.lock */ = {
			isa = PBXShellScriptBuildPhase;
			buildActionMask = 2147483647;
			files = (
			);
			inputFileListPaths = (
			);
			inputPaths = (
				"${PODS_PODFILE_DIR_PATH}/Podfile.lock",
				"${PODS_ROOT}/Manifest.lock",
			);
			name = "[CP] Check Pods Manifest.lock";
			outputFileListPaths = (
			);
			outputPaths = (
				"$(DERIVED_FILE_DIR)/Pods-GhibliSimpleAPIInfoDemoUITests-checkManifestLockResult.txt",
			);
			runOnlyForDeploymentPostprocessing = 0;
			shellPath = /bin/sh;
			shellScript = "diff \"${PODS_PODFILE_DIR_PATH}/Podfile.lock\" \"${PODS_ROOT}/Manifest.lock\" > /dev/null\nif [ $? != 0 ] ; then\n    # print error to STDERR\n    echo \"error: The sandbox is not in sync with the Podfile.lock. Run 'pod install' or update your CocoaPods installation.\" >&2\n    exit 1\nfi\n# This output is used by Xcode 'outputs' to avoid re-running this script phase.\necho \"SUCCESS\" > \"${SCRIPT_OUTPUT_FILE_0}\"\n";
			showEnvVarsInLog = 0;
		};
		A4BD36927742F5A069700C71 /* [CP] Check Pods Manifest.lock */ = {
			isa = PBXShellScriptBuildPhase;
			buildActionMask = 2147483647;
			files = (
			);
			inputFileListPaths = (
			);
			inputPaths = (
				"${PODS_PODFILE_DIR_PATH}/Podfile.lock",
				"${PODS_ROOT}/Manifest.lock",
			);
			name = "[CP] Check Pods Manifest.lock";
			outputFileListPaths = (
			);
			outputPaths = (
				"$(DERIVED_FILE_DIR)/Pods-GhibliSimpleAPIInfoDemo-checkManifestLockResult.txt",
			);
			runOnlyForDeploymentPostprocessing = 0;
			shellPath = /bin/sh;
			shellScript = "diff \"${PODS_PODFILE_DIR_PATH}/Podfile.lock\" \"${PODS_ROOT}/Manifest.lock\" > /dev/null\nif [ $? != 0 ] ; then\n    # print error to STDERR\n    echo \"error: The sandbox is not in sync with the Podfile.lock. Run 'pod install' or update your CocoaPods installation.\" >&2\n    exit 1\nfi\n# This output is used by Xcode 'outputs' to avoid re-running this script phase.\necho \"SUCCESS\" > \"${SCRIPT_OUTPUT_FILE_0}\"\n";
			showEnvVarsInLog = 0;
		};
		DE9FDF5DFC68E97EC217422C /* [CP] Embed Pods Frameworks */ = {
			isa = PBXShellScriptBuildPhase;
			buildActionMask = 2147483647;
			files = (
			);
			inputFileListPaths = (
				"${PODS_ROOT}/Target Support Files/Pods-GhibliSimpleAPIInfoDemo/Pods-GhibliSimpleAPIInfoDemo-frameworks-${CONFIGURATION}-input-files.xcfilelist",
			);
			inputPaths = (
			);
			name = "[CP] Embed Pods Frameworks";
			outputFileListPaths = (
				"${PODS_ROOT}/Target Support Files/Pods-GhibliSimpleAPIInfoDemo/Pods-GhibliSimpleAPIInfoDemo-frameworks-${CONFIGURATION}-output-files.xcfilelist",
			);
			outputPaths = (
			);
			runOnlyForDeploymentPostprocessing = 0;
			shellPath = /bin/sh;
			shellScript = "\"${PODS_ROOT}/Target Support Files/Pods-GhibliSimpleAPIInfoDemo/Pods-GhibliSimpleAPIInfoDemo-frameworks.sh\"\n";
			showEnvVarsInLog = 0;
		};
/* End PBXShellScriptBuildPhase section */

/* Begin PBXSourcesBuildPhase section */
		F14C34F02F14C63300D335E2 /* Sources */ = {
			isa = PBXSourcesBuildPhase;
			buildActionMask = 2147483647;
			files = (
			);
			runOnlyForDeploymentPostprocessing = 0;
		};
		F14C35092F14C63500D335E2 /* Sources */ = {
			isa = PBXSourcesBuildPhase;
			buildActionMask = 2147483647;
			files = (
			);
			runOnlyForDeploymentPostprocessing = 0;
		};
		F14C35132F14C63500D335E2 /* Sources */ = {
			isa = PBXSourcesBuildPhase;
			buildActionMask = 2147483647;
			files = (
			);
			runOnlyForDeploymentPostprocessing = 0;
		};
/* End PBXSourcesBuildPhase section */

/* Begin PBXTargetDependency section */
		F14C350F2F14C63500D335E2 /* PBXTargetDependency */ = {
			isa = PBXTargetDependency;
			target = F14C34F32F14C63300D335E2 /* GhibliSimpleAPIInfoDemo */;
			targetProxy = F14C350E2F14C63500D335E2 /* PBXContainerItemProxy */;
		};
		F14C35192F14C63500D335E2 /* PBXTargetDependency */ = {
			isa = PBXTargetDependency;
			target = F14C34F32F14C63300D335E2 /* GhibliSimpleAPIInfoDemo */;
			targetProxy = F14C35182F14C63500D335E2 /* PBXContainerItemProxy */;
		};
/* End PBXTargetDependency section */

/* Begin XCBuildConfiguration section */
		F14C35212F14C63500D335E2 /* Debug */ = {
			isa = XCBuildConfiguration;
			baseConfigurationReference = 0F4CF1D0ED38D68E3F9DE628 /* Pods-GhibliSimpleAPIInfoDemo.debug.xcconfig */;
			buildSettings = {
				ASSETCATALOG_COMPILER_APPICON_NAME = AppIcon;
				ASSETCATALOG_COMPILER_GLOBAL_ACCENT_COLOR_NAME = AccentColor;
				CODE_SIGN_STYLE = Automatic;
				CURRENT_PROJECT_VERSION = 1;
				ENABLE_USER_SCRIPT_SANDBOXING = NO;
				GENERATE_INFOPLIST_FILE = YES;
				INFOPLIST_FILE = GhibliSimpleAPIInfoDemo/Info.plist;
				INFOPLIST_KEY_UIApplicationSupportsIndirectInputEvents = YES;
				INFOPLIST_KEY_UILaunchStoryboardName = LaunchScreen;
				INFOPLIST_KEY_UIMainStoryboardFile = Main;
				INFOPLIST_KEY_UISupportedInterfaceOrientations_iPad = "UIInterfaceOrientationPortrait UIInterfaceOrientationPortraitUpsideDown UIInterfaceOrientationLandscapeLeft UIInterfaceOrientationLandscapeRight";
				INFOPLIST_KEY_UISupportedInterfaceOrientations_iPhone = "UIInterfaceOrientationPortrait UIInterfaceOrientationLandscapeLeft UIInterfaceOrientationLandscapeRight";
				LD_RUNPATH_SEARCH_PATHS = (
					"$(inherited)",
					"@executable_path/Frameworks",
				);
				MARKETING_VERSION = 1.0;
				PRODUCT_BUNDLE_IDENTIFIER = Tim.GhibliSimpleAPIInfoDemo;
				PRODUCT_NAME = "$(TARGET_NAME)";
				SWIFT_EMIT_LOC_STRINGS = YES;
				SWIFT_VERSION = 5.0;
				TARGETED_DEVICE_FAMILY = "1,2";
			};
			name = Debug;
		};
		F14C35222F14C63500D335E2 /* Release */ = {
			isa = XCBuildConfiguration;
			baseConfigurationReference = 00A11CE48BA017D7A9DF30BD /* Pods-GhibliSimpleAPIInfoDemo.release.xcconfig */;
			buildSettings = {
				ASSETCATALOG_COMPILER_APPICON_NAME = AppIcon;
				ASSETCATALOG_COMPILER_GLOBAL_ACCENT_COLOR_NAME = AccentColor;
				CODE_SIGN_STYLE = Automatic;
				CURRENT_PROJECT_VERSION = 1;
				ENABLE_USER_SCRIPT_SANDBOXING = NO;
				GENERATE_INFOPLIST_FILE = YES;
				INFOPLIST_FILE = GhibliSimpleAPIInfoDemo/Info.plist;
				INFOPLIST_KEY_UIApplicationSupportsIndirectInputEvents = YES;
				INFOPLIST_KEY_UILaunchStoryboardName = LaunchScreen;
				INFOPLIST_KEY_UIMainStoryboardFile = Main;
				INFOPLIST_KEY_UISupportedInterfaceOrientations_iPad = "UIInterfaceOrientationPortrait UIInterfaceOrientationPortraitUpsideDown UIInterfaceOrientationLandscapeLeft UIInterfaceOrientationLandscapeRight";
				INFOPLIST_KEY_UISupportedInterfaceOrientations_iPhone = "UIInterfaceOrientationPortrait UIInterfaceOrientationLandscapeLeft UIInterfaceOrientationLandscapeRight";
				LD_RUNPATH_SEARCH_PATHS = (
					"$(inherited)",
					"@executable_path/Frameworks",
				);
				MARKETING_VERSION = 1.0;
				PRODUCT_BUNDLE_IDENTIFIER = Tim.GhibliSimpleAPIInfoDemo;
				PRODUCT_NAME = "$(TARGET_NAME)";
				SWIFT_EMIT_LOC_STRINGS = YES;
				SWIFT_VERSION = 5.0;
				TARGETED_DEVICE_FAMILY = "1,2";
			};
			name = Release;
		};
		F14C35232F14C63500D335E2 /* Debug */ = {
			isa = XCBuildConfiguration;
			buildSettings = {
				ALWAYS_SEARCH_USER_PATHS = NO;
				ASSETCATALOG_COMPILER_GENERATE_SWIFT_ASSET_SYMBOL_EXTENSIONS = YES;
				CLANG_ANALYZER_NONNULL = YES;
				CLANG_ANALYZER_NUMBER_OBJECT_CONVERSION = YES_AGGRESSIVE;
				CLANG_CXX_LANGUAGE_STANDARD = "gnu++20";
				CLANG_ENABLE_MODULES = YES;
				CLANG_ENABLE_OBJC_ARC = YES;
				CLANG_ENABLE_OBJC_WEAK = YES;
				CLANG_WARN_BLOCK_CAPTURE_AUTORELEASING = YES;
				CLANG_WARN_BOOL_CONVERSION = YES;
				CLANG_WARN_COMMA = YES;
				CLANG_WARN_CONSTANT_CONVERSION = YES;
				CLANG_WARN_DEPRECATED_OBJC_IMPLEMENTATIONS = YES;
				CLANG_WARN_DIRECT_OBJC_ISA_USAGE = YES_ERROR;
				CLANG_WARN_DOCUMENTATION_COMMENTS = YES;
				CLANG_WARN_EMPTY_BODY = YES;
				CLANG_WARN_ENUM_CONVERSION = YES;
				CLANG_WARN_INFINITE_RECURSION = YES;
				CLANG_WARN_INT_CONVERSION = YES;
				CLANG_WARN_NON_LITERAL_NULL_CONVERSION = YES;
				CLANG_WARN_OBJC_IMPLICIT_RETAIN_SELF = YES;
				CLANG_WARN_OBJC_LITERAL_CONVERSION = YES;
				CLANG_WARN_OBJC_ROOT_CLASS = YES_ERROR;
				CLANG_WARN_QUOTED_INCLUDE_IN_FRAMEWORK_HEADER = YES;
				CLANG_WARN_RANGE_LOOP_ANALYSIS = YES;
				CLANG_WARN_STRICT_PROTOTYPES = YES;
				CLANG_WARN_SUSPICIOUS_MOVE = YES;
				CLANG_WARN_UNGUARDED_AVAILABILITY = YES_AGGRESSIVE;
				CLANG_WARN_UNREACHABLE_CODE = YES;
				CLANG_WARN__DUPLICATE_METHOD_MATCH = YES;
				COPY_PHASE_STRIP = NO;
				DEBUG_INFORMATION_FORMAT = dwarf;
				ENABLE_STRICT_OBJC_MSGSEND = YES;
				ENABLE_TESTABILITY = YES;
				ENABLE_USER_SCRIPT_SANDBOXING = YES;
				GCC_C_LANGUAGE_STANDARD = gnu17;
				GCC_DYNAMIC_NO_PIC = NO;
				GCC_NO_COMMON_BLOCKS = YES;
				GCC_OPTIMIZATION_LEVEL = 0;
				GCC_PREPROCESSOR_DEFINITIONS = (
					"DEBUG=1",
					"$(inherited)",
				);
				GCC_WARN_64_TO_32_BIT_CONVERSION = YES;
				GCC_WARN_ABOUT_RETURN_TYPE = YES_ERROR;
				GCC_WARN_UNDECLARED_SELECTOR = YES;
				GCC_WARN_UNINITIALIZED_AUTOS = YES_AGGRESSIVE;
				GCC_WARN_UNUSED_FUNCTION = YES;
				GCC_WARN_UNUSED_VARIABLE = YES;
				IPHONEOS_DEPLOYMENT_TARGET = 18.4;
				LOCALIZATION_PREFERS_STRING_CATALOGS = YES;
				MTL_ENABLE_DEBUG_INFO = INCLUDE_SOURCE;
				MTL_FAST_MATH = YES;
				ONLY_ACTIVE_ARCH = YES;
				SDKROOT = iphoneos;
				SWIFT_ACTIVE_COMPILATION_CONDITIONS = "DEBUG $(inherited)";
				SWIFT_OPTIMIZATION_LEVEL = "-Onone";
			};
			name = Debug;
		};
		F14C35242F14C63500D335E2 /* Release */ = {
			isa = XCBuildConfiguration;
			buildSettings = {
				ALWAYS_SEARCH_USER_PATHS = NO;
				ASSETCATALOG_COMPILER_GENERATE_SWIFT_ASSET_SYMBOL_EXTENSIONS = YES;
				CLANG_ANALYZER_NONNULL = YES;
				CLANG_ANALYZER_NUMBER_OBJECT_CONVERSION = YES_AGGRESSIVE;
				CLANG_CXX_LANGUAGE_STANDARD = "gnu++20";
				CLANG_ENABLE_MODULES = YES;
				CLANG_ENABLE_OBJC_ARC = YES;
				CLANG_ENABLE_OBJC_WEAK = YES;
				CLANG_WARN_BLOCK_CAPTURE_AUTORELEASING = YES;
				CLANG_WARN_BOOL_CONVERSION = YES;
				CLANG_WARN_COMMA = YES;
				CLANG_WARN_CONSTANT_CONVERSION = YES;
				CLANG_WARN_DEPRECATED_OBJC_IMPLEMENTATIONS = YES;
				CLANG_WARN_DIRECT_OBJC_ISA_USAGE = YES_ERROR;
				CLANG_WARN_DOCUMENTATION_COMMENTS = YES;
				CLANG_WARN_EMPTY_BODY = YES;
				CLANG_WARN_ENUM_CONVERSION = YES;
				CLANG_WARN_INFINITE_RECURSION = YES;
				CLANG_WARN_INT_CONVERSION = YES;
				CLANG_WARN_NON_LITERAL_NULL_CONVERSION = YES;
				CLANG_WARN_OBJC_IMPLICIT_RETAIN_SELF = YES;
				CLANG_WARN_OBJC_LITERAL_CONVERSION = YES;
				CLANG_WARN_OBJC_ROOT_CLASS = YES_ERROR;
				CLANG_WARN_QUOTED_INCLUDE_IN_FRAMEWORK_HEADER = YES;
				CLANG_WARN_RANGE_LOOP_ANALYSIS = YES;
				CLANG_WARN_STRICT_PROTOTYPES = YES;
				CLANG_WARN_SUSPICIOUS_MOVE = YES;
				CLANG_WARN_UNGUARDED_AVAILABILITY = YES_AGGRESSIVE;
				CLANG_WARN_UNREACHABLE_CODE = YES;
				CLANG_WARN__DUPLICATE_METHOD_MATCH = YES;
				COPY_PHASE_STRIP = NO;
				DEBUG_INFORMATION_FORMAT = "dwarf-with-dsym";
				ENABLE_NS_ASSERTIONS = NO;
				ENABLE_STRICT_OBJC_MSGSEND = YES;
				ENABLE_USER_SCRIPT_SANDBOXING = YES;
				GCC_C_LANGUAGE_STANDARD = gnu17;
				GCC_NO_COMMON_BLOCKS = YES;
				GCC_WARN_64_TO_32_BIT_CONVERSION = YES;
				GCC_WARN_ABOUT_RETURN_TYPE = YES_ERROR;
				GCC_WARN_UNDECLARED_SELECTOR = YES;
				GCC_WARN_UNINITIALIZED_AUTOS = YES_AGGRESSIVE;
				GCC_WARN_UNUSED_FUNCTION = YES;
				GCC_WARN_UNUSED_VARIABLE = YES;
				IPHONEOS_DEPLOYMENT_TARGET = 18.4;
				LOCALIZATION_PREFERS_STRING_CATALOGS = YES;
				MTL_ENABLE_DEBUG_INFO = NO;
				MTL_FAST_MATH = YES;
				SDKROOT = iphoneos;
				SWIFT_COMPILATION_MODE = wholemodule;
				VALIDATE_PRODUCT = YES;
			};
			name = Release;
		};
		F14C35262F14C63500D335E2 /* Debug */ = {
			isa = XCBuildConfiguration;
			baseConfigurationReference = D2352CCE4A7D5DD6876A5B1D /* Pods-GhibliSimpleAPIInfoDemoTests.debug.xcconfig */;
			buildSettings = {
				BUNDLE_LOADER = "$(TEST_HOST)";
				CODE_SIGN_STYLE = Automatic;
				CURRENT_PROJECT_VERSION = 1;
				GENERATE_INFOPLIST_FILE = YES;
				IPHONEOS_DEPLOYMENT_TARGET = 18.4;
				MARKETING_VERSION = 1.0;
				PRODUCT_BUNDLE_IDENTIFIER = Tim.GhibliSimpleAPIInfoDemoTests;
				PRODUCT_NAME = "$(TARGET_NAME)";
				SWIFT_EMIT_LOC_STRINGS = NO;
				SWIFT_VERSION = 5.0;
				TARGETED_DEVICE_FAMILY = "1,2";
				TEST_HOST = "$(BUILT_PRODUCTS_DIR)/GhibliSimpleAPIInfoDemo.app/$(BUNDLE_EXECUTABLE_FOLDER_PATH)/GhibliSimpleAPIInfoDemo";
			};
			name = Debug;
		};
		F14C35272F14C63500D335E2 /* Release */ = {
			isa = XCBuildConfiguration;
			baseConfigurationReference = DC7513E8AD93FE575306A786 /* Pods-GhibliSimpleAPIInfoDemoTests.release.xcconfig */;
			buildSettings = {
				BUNDLE_LOADER = "$(TEST_HOST)";
				CODE_SIGN_STYLE = Automatic;
				CURRENT_PROJECT_VERSION = 1;
				GENERATE_INFOPLIST_FILE = YES;
				IPHONEOS_DEPLOYMENT_TARGET = 18.4;
				MARKETING_VERSION = 1.0;
				PRODUCT_BUNDLE_IDENTIFIER = Tim.GhibliSimpleAPIInfoDemoTests;
				PRODUCT_NAME = "$(TARGET_NAME)";
				SWIFT_EMIT_LOC_STRINGS = NO;
				SWIFT_VERSION = 5.0;
				TARGETED_DEVICE_FAMILY = "1,2";
				TEST_HOST = "$(BUILT_PRODUCTS_DIR)/GhibliSimpleAPIInfoDemo.app/$(BUNDLE_EXECUTABLE_FOLDER_PATH)/GhibliSimpleAPIInfoDemo";
			};
			name = Release;
		};
		F14C35292F14C63500D335E2 /* Debug */ = {
			isa = XCBuildConfiguration;
			baseConfigurationReference = EF242C6AC1A70E15779A837F /* Pods-GhibliSimpleAPIInfoDemoUITests.debug.xcconfig */;
			buildSettings = {
				CODE_SIGN_STYLE = Automatic;
				CURRENT_PROJECT_VERSION = 1;
				GENERATE_INFOPLIST_FILE = YES;
				MARKETING_VERSION = 1.0;
				PRODUCT_BUNDLE_IDENTIFIER = Tim.GhibliSimpleAPIInfoDemoUITests;
				PRODUCT_NAME = "$(TARGET_NAME)";
				SWIFT_EMIT_LOC_STRINGS = NO;
				SWIFT_VERSION = 5.0;
				TARGETED_DEVICE_FAMILY = "1,2";
				TEST_TARGET_NAME = GhibliSimpleAPIInfoDemo;
			};
			name = Debug;
		};
		F14C352A2F14C63500D335E2 /* Release */ = {
			isa = XCBuildConfiguration;
			baseConfigurationReference = 756695BCC80D088E494C9D48 /* Pods-GhibliSimpleAPIInfoDemoUITests.release.xcconfig */;
			buildSettings = {
				CODE_SIGN_STYLE = Automatic;
				CURRENT_PROJECT_VERSION = 1;
				GENERATE_INFOPLIST_FILE = YES;
				MARKETING_VERSION = 1.0;
				PRODUCT_BUNDLE_IDENTIFIER = Tim.GhibliSimpleAPIInfoDemoUITests;
				PRODUCT_NAME = "$(TARGET_NAME)";
				SWIFT_EMIT_LOC_STRINGS = NO;
				SWIFT_VERSION = 5.0;
				TARGETED_DEVICE_FAMILY = "1,2";
				TEST_TARGET_NAME = GhibliSimpleAPIInfoDemo;
			};
			name = Release;
		};
/* End XCBuildConfiguration section */

/* Begin XCConfigurationList section */
		F14C34EF2F14C63300D335E2 /* Build configuration list for PBXProject "GhibliSimpleAPIInfoDemo" */ = {
			isa = XCConfigurationList;
			buildConfigurations = (
				F14C35232F14C63500D335E2 /* Debug */,
				F14C35242F14C63500D335E2 /* Release */,
			);
			defaultConfigurationIsVisible = 0;
			defaultConfigurationName = Release;
		};
		F14C35202F14C63500D335E2 /* Build configuration list for PBXNativeTarget "GhibliSimpleAPIInfoDemo" */ = {
			isa = XCConfigurationList;
			buildConfigurations = (
				F14C35212F14C63500D335E2 /* Debug */,
				F14C35222F14C63500D335E2 /* Release */,
			);
			defaultConfigurationIsVisible = 0;
			defaultConfigurationName = Release;
		};
		F14C35252F14C63500D335E2 /* Build configuration list for PBXNativeTarget "GhibliSimpleAPIInfoDemoTests" */ = {
			isa = XCConfigurationList;
			buildConfigurations = (
				F14C35262F14C63500D335E2 /* Debug */,
				F14C35272F14C63500D335E2 /* Release */,
			);
			defaultConfigurationIsVisible = 0;
			defaultConfigurationName = Release;
		};
		F14C35282F14C63500D335E2 /* Build configuration list for PBXNativeTarget "GhibliSimpleAPIInfoDemoUITests" */ = {
			isa = XCConfigurationList;
			buildConfigurations = (
				F14C35292F14C63500D335E2 /* Debug */,
				F14C352A2F14C63500D335E2 /* Release */,
			);
			defaultConfigurationIsVisible = 0;
			defaultConfigurationName = Release;
		};
/* End XCConfigurationList section */
	};
	rootObject = F14C34EC2F14C63300D335E2 /* Project object */;
}
